
Microsoft Visual Studio Solution File, Format Version 12.00
# Visual Studio Version 17
VisualStudioVersion = 17.3.32804.467
MinimumVisualStudioVersion = 10.0.40219.1
Project("{FAE04EC0-301F-11D3-BF4B-00C04F79EFBC}") = "webapp", "webapp\webapp.csproj", "{21A7993C-04A7-4103-BD7A-8023D6B7D389}"
EndProject
Global
	GlobalSection(SolutionConfigurationPlatforms) = preSolution
		Debug|Any CPU = Debug|Any CPU
		Release|Any CPU = Release|Any CPU
	EndGlobalSection
	GlobalSection(ProjectConfigurationPlatforms) = postSolution
		{21A7993C-04A7-4103-BD7A-8023D6B7D389}.Debug|Any CPU.ActiveCfg = Debug|Any CPU
		{21A7993C-04A7-4103-BD7A-8023D6B7D389}.Debug|Any CPU.Build.0 = Debug|Any CPU
		{21A7993C-04A7-4103-BD7A-8023D6B7D389}.Release|Any CPU.ActiveCfg = Release|Any CPU
		{21A7993C-04A7-4103-BD7A-8023D6B7D389}.Release|Any CPU.Build.0 = Release|Any CPU
	EndGlobalSection
	GlobalSection(SolutionProperties) = preSolution
		HideSolutionNode = FALSE
	EndGlobalSection
	GlobalSection(ExtensibilityGlobals) = postSolution
		SolutionGuid = {5B51E502-95A4-4AA1-8607-3F3428B7D4D8}
	EndGlobalSection
EndGlobal
